
Microsoft Visual Studio Solution File, Format Version 12.00
# Visual Studio 14
VisualStudioVersion = 14.0.24720.0
MinimumVisualStudioVersion = 10.0.40219.1
Project("{FAE04EC0-301F-11D3-BF4B-00C04F79EFBC}") = "ngTest04", "ngTest04\ngTest04.csproj", "{F19E0E7F-5A32-425D-B899-E202D3702764}"
EndProject
Global
	GlobalSection(SolutionConfigurationPlatforms) = preSolution
		Debug|Any CPU = Debug|Any CPU
		Release|Any CPU = Release|Any CPU
	EndGlobalSection
	GlobalSection(ProjectConfigurationPlatforms) = postSolution
		{F19E0E7F-5A32-425D-B899-E202D3702764}.Debug|Any CPU.ActiveCfg = Debug|Any CPU
		{F19E0E7F-5A32-425D-B899-E202D3702764}.Debug|Any CPU.Build.0 = Debug|Any CPU
		{F19E0E7F-5A32-425D-B899-E202D3702764}.Release|Any CPU.ActiveCfg = Release|Any CPU
		{F19E0E7F-5A32-425D-B899-E202D3702764}.Release|Any CPU.Build.0 = Release|Any CPU
	EndGlobalSection
	GlobalSection(SolutionProperties) = preSolution
		HideSolutionNode = FALSE
	EndGlobalSection
EndGlobal
